Microsoft Visual Studio Solution File, Format Version 12.00
# Visual Studio 2012
Project("{FAE04EC0-301F-11D3-BF4B-00C04F79EFBC}") = "gmr-godot-beats-admin", "gmr-godot-beats-admin.csproj", "{12C4FA2D-E5EF-4834-9EE2-3D61FC7B6659}"
EndProject
Global
	GlobalSection(SolutionConfigurationPlatforms) = preSolution
	Debug|Any CPU = Debug|Any CPU
	ExportDebug|Any CPU = ExportDebug|Any CPU
	ExportRelease|Any CPU = ExportRelease|Any CPU
	EndGlobalSection
	GlobalSection(ProjectConfigurationPlatforms) = postSolution
		{12C4FA2D-E5EF-4834-9EE2-3D61FC7B6659}.Debug|Any CPU.ActiveCfg = Debug|Any CPU
		{12C4FA2D-E5EF-4834-9EE2-3D61FC7B6659}.Debug|Any CPU.Build.0 = Debug|Any CPU
		{12C4FA2D-E5EF-4834-9EE2-3D61FC7B6659}.ExportDebug|Any CPU.ActiveCfg = ExportDebug|Any CPU
		{12C4FA2D-E5EF-4834-9EE2-3D61FC7B6659}.ExportDebug|Any CPU.Build.0 = ExportDebug|Any CPU
		{12C4FA2D-E5EF-4834-9EE2-3D61FC7B6659}.ExportRelease|Any CPU.ActiveCfg = ExportRelease|Any CPU
		{12C4FA2D-E5EF-4834-9EE2-3D61FC7B6659}.ExportRelease|Any CPU.Build.0 = ExportRelease|Any CPU
	EndGlobalSection
EndGlobal
